
Microsoft Visual Studio Solution File, Format Version 12.00
# Visual Studio Version 17
VisualStudioVersion = 17.7.34031.279
MinimumVisualStudioVersion = 10.0.40219.1
Project("{FAE04EC0-301F-11D3-BF4B-00C04F79EFBC}") = "LeaugeTable", "LeaugeTable\LeaugeTable.csproj", "{34C6D5C8-00DB-4400-8EFF-CD28264D00BA}"
EndProject
Project("{FAE04EC0-301F-11D3-BF4B-00C04F79EFBC}") = "LeaugeTable.Test", "LeaugeTable.Test\LeaugeTable.Test.csproj", "{C1446D5F-56A4-469B-971F-926EEB9208E5}"
EndProject
Global
	GlobalSection(SolutionConfigurationPlatforms) = preSolution
		Debug|Any CPU = Debug|Any CPU
		Release|Any CPU = Release|Any CPU
	EndGlobalSection
	GlobalSection(ProjectConfigurationPlatforms) = postSolution
		{34C6D5C8-00DB-4400-8EFF-CD28264D00BA}.Debug|Any CPU.ActiveCfg = Debug|Any CPU
		{34C6D5C8-00DB-4400-8EFF-CD28264D00BA}.Debug|Any CPU.Build.0 = Debug|Any CPU
		{34C6D5C8-00DB-4400-8EFF-CD28264D00BA}.Release|Any CPU.ActiveCfg = Release|Any CPU
		{34C6D5C8-00DB-4400-8EFF-CD28264D00BA}.Release|Any CPU.Build.0 = Release|Any CPU
		{C1446D5F-56A4-469B-971F-926EEB9208E5}.Debug|Any CPU.ActiveCfg = Debug|Any CPU
		{C1446D5F-56A4-469B-971F-926EEB9208E5}.Debug|Any CPU.Build.0 = Debug|Any CPU
		{C1446D5F-56A4-469B-971F-926EEB9208E5}.Release|Any CPU.ActiveCfg = Release|Any CPU
		{C1446D5F-56A4-469B-971F-926EEB9208E5}.Release|Any CPU.Build.0 = Release|Any CPU
	EndGlobalSection
	GlobalSection(SolutionProperties) = preSolution
		HideSolutionNode = FALSE
	EndGlobalSection
	GlobalSection(ExtensibilityGlobals) = postSolution
		SolutionGuid = {191F761A-3A05-4C3B-8DAC-B2CC804AE5DA}
	EndGlobalSection
EndGlobal
